// !$*UTF8*$!
{
	archiveVersion = 1;
	classes = {
	};
	objectVersion = 50;
	objects = {

/* Begin PBXBuildFile section */
		FB1E098124CFFB25000561B5 /* VideoTableViewCell.swift in Sources */ = {isa = PBXBuildFile; fileRef = FB1E098024CFFB25000561B5 /* VideoTableViewCell.swift */; };
		FB1E098924CFFE7B000561B5 /* Main.storyboard in Resources */ = {isa = PBXBuildFile; fileRef = FBD16DED24C99D7200FF5468 /* Main.storyboard */; };
		FB67F7C724D0050E00A45260 /* CacheManager.swift in Sources */ = {isa = PBXBuildFile; fileRef = FB67F7C624D0050E00A45260 /* CacheManager.swift */; };
		FB67F7C924D0351100A45260 /* DetailViewController.swift in Sources */ = {isa = PBXBuildFile; fileRef = FB67F7C824D0351100A45260 /* DetailViewController.swift */; };
		FB67F7CC24D03B2900A45260 /* WebKit.framework in Frameworks */ = {isa = PBXBuildFile; fileRef = FB67F7CB24D03B2900A45260 /* WebKit.framework */; };
		FBD16DE824C99D7200FF5468 /* AppDelegate.swift in Sources */ = {isa = PBXBuildFile; fileRef = FBD16DE724C99D7200FF5468 /* AppDelegate.swift */; };
		FBD16DEA24C99D7200FF5468 /* SceneDelegate.swift in Sources */ = {isa = PBXBuildFile; fileRef = FBD16DE924C99D7200FF5468 /* SceneDelegate.swift */; };
		FBD16DEC24C99D7200FF5468 /* ViewController.swift in Sources */ = {isa = PBXBuildFile; fileRef = FBD16DEB24C99D7200FF5468 /* ViewController.swift */; };
		FBD16DF124C99D7800FF5468 /* Assets.xcassets in Resources */ = {isa = PBXBuildFile; fileRef = FBD16DF024C99D7800FF5468 /* Assets.xcassets */; };
		FBD16DF424C99D7800FF5468 /* LaunchScreen.storyboard in Resources */ = {isa = PBXBuildFile; fileRef = FBD16DF224C99D7800FF5468 /* LaunchScreen.storyboard */; };
		FBD16DFC24CAFC5300FF5468 /* Constants.swift in Sources */ = {isa = PBXBuildFile; fileRef = FBD16DFB24CAFC5300FF5468 /* Constants.swift */; };
		FBD16DFE24CB010600FF5468 /* Video.swift in Sources */ = {isa = PBXBuildFile; fileRef = FBD16DFD24CB010600FF5468 /* Video.swift */; };
		FBD16E0024CB01DC00FF5468 /* Model.swift in Sources */ = {isa = PBXBuildFile; fileRef = FBD16DFF24CB01DC00FF5468 /* Model.swift */; };
		FBD16E0224CEF07F00FF5468 /* ConstantsTemplate.swift in Sources */ = {isa = PBXBuildFile; fileRef = FBD16E0124CEF07F00FF5468 /* ConstantsTemplate.swift */; };
		FBD16E0424CF163200FF5468 /* Response.swift in Sources */ = {isa = PBXBuildFile; fileRef = FBD16E0324CF163200FF5468 /* Response.swift */; };
/* End PBXBuildFile section */

/* Begin PBXFileReference section */
		FB1E098024CFFB25000561B5 /* VideoTableViewCell.swift */ = {isa = PBXFileReference; lastKnownFileType = sourcecode.swift; path = VideoTableViewCell.swift; sourceTree = "<group>"; };
		FB67F7C624D0050E00A45260 /* CacheManager.swift */ = {isa = PBXFileReference; lastKnownFileType = sourcecode.swift; path = CacheManager.swift; sourceTree = "<group>"; };
		FB67F7C824D0351100A45260 /* DetailViewController.swift */ = {isa = PBXFileReference; lastKnownFileType = sourcecode.swift; path = DetailViewController.swift; sourceTree = "<group>"; };
		FB67F7CB24D03B2900A45260 /* WebKit.framework */ = {isa = PBXFileReference; lastKnownFileType = wrapper.framework; name = WebKit.framework; path = System/Library/Frameworks/WebKit.framework; sourceTree = SDKROOT; };
		FBD16DE424C99D7200FF5468 /* Youtube-App.app */ = {isa = PBXFileReference; explicitFileType = wrapper.application; includeInIndex = 0; path = "Youtube-App.app"; sourceTree = BUILT_PRODUCTS_DIR; };
		FBD16DE724C99D7200FF5468 /* AppDelegate.swift */ = {isa = PBXFileReference; lastKnownFileType = sourcecode.swift; path = AppDelegate.swift; sourceTree = "<group>"; };
		FBD16DE924C99D7200FF5468 /* SceneDelegate.swift */ = {isa = PBXFileReference; lastKnownFileType = sourcecode.swift; path = SceneDelegate.swift; sourceTree = "<group>"; };
		FBD16DEB24C99D7200FF5468 /* ViewController.swift */ = {isa = PBXFileReference; lastKnownFileType = sourcecode.swift; path = ViewController.swift; sourceTree = "<group>"; };
		FBD16DEE24C99D7200FF5468 /* Base */ = {isa = PBXFileReference; lastKnownFileType = file.storyboard; name = Base; path = Base.lproj/Main.storyboard; sourceTree = "<group>"; };
		FBD16DF024C99D7800FF5468 /* Assets.xcassets */ = {isa = PBXFileReference; lastKnownFileType = folder.assetcatalog; path = Assets.xcassets; sourceTree = "<group>"; };
		FBD16DF324C99D7800FF5468 /* Base */ = {isa = PBXFileReference; lastKnownFileType = file.storyboard; name = Base; path = Base.lproj/LaunchScreen.storyboard; sourceTree = "<group>"; };
		FBD16DF524C99D7800FF5468 /* Info.plist */ = {isa = PBXFileReference; lastKnownFileType = text.plist.xml; path = Info.plist; sourceTree = "<group>"; };
		FBD16DFB24CAFC5300FF5468 /* Constants.swift */ = {isa = PBXFileReference; lastKnownFileType = sourcecode.swift; name = Constants.swift; path = ../Constants.swift; sourceTree = "<group>"; };
		FBD16DFD24CB010600FF5468 /* Video.swift */ = {isa = PBXFileReference; lastKnownFileType = sourcecode.swift; path = Video.swift; sourceTree = "<group>"; };
		FBD16DFF24CB01DC00FF5468 /* Model.swift */ = {isa = PBXFileReference; lastKnownFileType = sourcecode.swift; path = Model.swift; sourceTree = "<group>"; };
		FBD16E0124CEF07F00FF5468 /* ConstantsTemplate.swift */ = {isa = PBXFileReference; lastKnownFileType = sourcecode.swift; path = ConstantsTemplate.swift; sourceTree = "<group>"; };
		FBD16E0324CF163200FF5468 /* Response.swift */ = {isa = PBXFileReference; lastKnownFileType = sourcecode.swift; path = Response.swift; sourceTree = "<group>"; };
/* End PBXFileReference section */

/* Begin PBXFrameworksBuildPhase section */
		FBD16DE124C99D7200FF5468 /* Frameworks */ = {
			isa = PBXFrameworksBuildPhase;
			buildActionMask = 2147483647;
			files = (
				FB67F7CC24D03B2900A45260 /* WebKit.framework in Frameworks */,
			);
			runOnlyForDeploymentPostprocessing = 0;
		};
/* End PBXFrameworksBuildPhase section */

/* Begin PBXGroup section */
		FB1E098224CFFB35000561B5 /* View Controllers */ = {
			isa = PBXGroup;
			children = (
				FBD16DEB24C99D7200FF5468 /* ViewController.swift */,
				FB67F7C824D0351100A45260 /* DetailViewController.swift */,
			);
			path = "View Controllers";
			sourceTree = "<group>";
		};
		FB1E098324CFFB3D000561B5 /* Views */ = {
			isa = PBXGroup;
			children = (
				FB1E098024CFFB25000561B5 /* VideoTableViewCell.swift */,
			);
			path = Views;
			sourceTree = "<group>";
		};
		FB1E098424CFFB4C000561B5 /* Models */ = {
			isa = PBXGroup;
			children = (
				FBD16DFD24CB010600FF5468 /* Video.swift */,
				FBD16E0324CF163200FF5468 /* Response.swift */,
				FBD16DFF24CB01DC00FF5468 /* Model.swift */,
			);
			path = Models;
			sourceTree = "<group>";
		};
		FB1E098524CFFB52000561B5 /* Storyboards */ = {
			isa = PBXGroup;
			children = (
				FBD16DED24C99D7200FF5468 /* Main.storyboard */,
				FBD16DF224C99D7800FF5468 /* LaunchScreen.storyboard */,
			);
			path = Storyboards;
			sourceTree = "<group>";
		};
		FB1E098624CFFB63000561B5 /* Helpers */ = {
			isa = PBXGroup;
			children = (
				FBD16DFB24CAFC5300FF5468 /* Constants.swift */,
				FBD16E0124CEF07F00FF5468 /* ConstantsTemplate.swift */,
				FB67F7C624D0050E00A45260 /* CacheManager.swift */,
			);
			path = Helpers;
			sourceTree = "<group>";
		};
		FB67F7CA24D03B2800A45260 /* Frameworks */ = {
			isa = PBXGroup;
			children = (
				FB67F7CB24D03B2900A45260 /* WebKit.framework */,
			);
			name = Frameworks;
			sourceTree = "<group>";
		};
		FBD16DDB24C99D7200FF5468 = {
			isa = PBXGroup;
			children = (
				FBD16DE624C99D7200FF5468 /* Youtube-App */,
				FBD16DE524C99D7200FF5468 /* Products */,
				FB67F7CA24D03B2800A45260 /* Frameworks */,
			);
			sourceTree = "<group>";
		};
		FBD16DE524C99D7200FF5468 /* Products */ = {
			isa = PBXGroup;
			children = (
				FBD16DE424C99D7200FF5468 /* Youtube-App.app */,
			);
			name = Products;
			sourceTree = "<group>";
		};
		FBD16DE624C99D7200FF5468 /* Youtube-App */ = {
			isa = PBXGroup;
			children = (
				FBD16DE724C99D7200FF5468 /* AppDelegate.swift */,
				FBD16DE924C99D7200FF5468 /* SceneDelegate.swift */,
				FB1E098624CFFB63000561B5 /* Helpers */,
				FB1E098424CFFB4C000561B5 /* Models */,
				FB1E098324CFFB3D000561B5 /* Views */,
				FB1E098224CFFB35000561B5 /* View Controllers */,
				FB1E098524CFFB52000561B5 /* Storyboards */,
				FBD16DF024C99D7800FF5468 /* Assets.xcassets */,
				FBD16DF524C99D7800FF5468 /* Info.plist */,
			);
			path = "Youtube-App";
			sourceTree = "<group>";
		};
/* End PBXGroup section */

/* Begin PBXNativeTarget section */
		FBD16DE324C99D7200FF5468 /* Youtube-App */ = {
			isa = PBXNativeTarget;
			buildConfigurationList = FBD16DF824C99D7800FF5468 /* Build configuration list for PBXNativeTarget "Youtube-App" */;
			buildPhases = (
				FBD16DE024C99D7200FF5468 /* Sources */,
				FBD16DE124C99D7200FF5468 /* Frameworks */,
				FBD16DE224C99D7200FF5468 /* Resources */,
			);
			buildRules = (
			);
			dependencies = (
			);
			name = "Youtube-App";
			productName = "Youtube-App";
			productReference = FBD16DE424C99D7200FF5468 /* Youtube-App.app */;
			productType = "com.apple.product-type.application";
		};
/* End PBXNativeTarget section */

/* Begin PBXProject section */
		FBD16DDC24C99D7200FF5468 /* Project object */ = {
			isa = PBXProject;
			attributes = {
				LastSwiftUpdateCheck = 1160;
				LastUpgradeCheck = 1160;
				ORGANIZATIONNAME = "Evel-Devel";
				TargetAttributes = {
					FBD16DE324C99D7200FF5468 = {
						CreatedOnToolsVersion = 11.6;
					};
				};
			};
			buildConfigurationList = FBD16DDF24C99D7200FF5468 /* Build configuration list for PBXProject "Youtube-App" */;
			compatibilityVersion = "Xcode 9.3";
			developmentRegion = en;
			hasScannedForEncodings = 0;
			knownRegions = (
				en,
				Base,
			);
			mainGroup = FBD16DDB24C99D7200FF5468;
			productRefGroup = FBD16DE524C99D7200FF5468 /* Products */;
			projectDirPath = "";
			projectRoot = "";
			targets = (
				FBD16DE324C99D7200FF5468 /* Youtube-App */,
			);
		};
/* End PBXProject section */

/* Begin PBXResourcesBuildPhase section */
		FBD16DE224C99D7200FF5468 /* Resources */ = {
			isa = PBXResourcesBuildPhase;
			buildActionMask = 2147483647;
			files = (
				FB1E098924CFFE7B000561B5 /* Main.storyboard in Resources */,
				FBD16DF424C99D7800FF5468 /* LaunchScreen.storyboard in Resources */,
				FBD16DF124C99D7800FF5468 /* Assets.xcassets in Resources */,
			);
			runOnlyForDeploymentPostprocessing = 0;
		};
/* End PBXResourcesBuildPhase section */

/* Begin PBXSourcesBuildPhase section */
		FBD16DE024C99D7200FF5468 /* Sources */ = {
			isa = PBXSourcesBuildPhase;
			buildActionMask = 2147483647;
			files = (
				FB67F7C924D0351100A45260 /* DetailViewController.swift in Sources */,
				FBD16E0424CF163200FF5468 /* Response.swift in Sources */,
				FBD16E0224CEF07F00FF5468 /* ConstantsTemplate.swift in Sources */,
				FBD16DEC24C99D7200FF5468 /* ViewController.swift in Sources */,
				FBD16DE824C99D7200FF5468 /* AppDelegate.swift in Sources */,
				FBD16DEA24C99D7200FF5468 /* SceneDelegate.swift in Sources */,
				FBD16E0024CB01DC00FF5468 /* Model.swift in Sources */,
				FB67F7C724D0050E00A45260 /* CacheManager.swift in Sources */,
				FBD16DFC24CAFC5300FF5468 /* Constants.swift in Sources */,
				FBD16DFE24CB010600FF5468 /* Video.swift in Sources */,
				FB1E098124CFFB25000561B5 /* VideoTableViewCell.swift in Sources */,
			);
			runOnlyForDeploymentPostprocessing = 0;
		};
/* End PBXSourcesBuildPhase section */

/* Begin PBXVariantGroup section */
		FBD16DED24C99D7200FF5468 /* Main.storyboard */ = {
			isa = PBXVariantGroup;
			children = (
				FBD16DEE24C99D7200FF5468 /* Base */,
			);
			name = Main.storyboard;
			sourceTree = "<group>";
		};
		FBD16DF224C99D7800FF5468 /* LaunchScreen.storyboard */ = {
			isa = PBXVariantGroup;
			children = (
				FBD16DF324C99D7800FF5468 /* Base */,
			);
			name = LaunchScreen.storyboard;
			sourceTree = "<group>";
		};
/* End PBXVariantGroup section */

/* Begin XCBuildConfiguration section */
		FBD16DF624C99D7800FF5468 /* Debug */ = {
			isa = XCBuildConfiguration;
			buildSettings = {
				ALWAYS_SEARCH_USER_PATHS = NO;
				CLANG_ANALYZER_NONNULL = YES;
				CLANG_ANALYZER_NUMBER_OBJECT_CONVERSION = YES_AGGRESSIVE;
				CLANG_CXX_LANGUAGE_STANDARD = "gnu++14";
				CLANG_CXX_LIBRARY = "libc++";
				CLANG_ENABLE_MODULES = YES;
				CLANG_ENABLE_OBJC_ARC = YES;
				CLANG_ENABLE_OBJC_WEAK = YES;
				CLANG_WARN_BLOCK_CAPTURE_AUTORELEASING = YES;
				CLANG_WARN_BOOL_CONVERSION = YES;
				CLANG_WARN_COMMA = YES;
				CLANG_WARN_CONSTANT_CONVERSION = YES;
				CLANG_WARN_DEPRECATED_OBJC_IMPLEMENTATIONS = YES;
				CLANG_WARN_DIRECT_OBJC_ISA_USAGE = YES_ERROR;
				CLANG_WARN_DOCUMENTATION_COMMENTS = YES;
				CLANG_WARN_EMPTY_BODY = YES;
				CLANG_WARN_ENUM_CONVERSION = YES;
				CLANG_WARN_INFINITE_RECURSION = YES;
				CLANG_WARN_INT_CONVERSION = YES;
				CLANG_WARN_NON_LITERAL_NULL_CONVERSION = YES;
				CLANG_WARN_OBJC_IMPLICIT_RETAIN_SELF = YES;
				CLANG_WARN_OBJC_LITERAL_CONVERSION = YES;
				CLANG_WARN_OBJC_ROOT_CLASS = YES_ERROR;
				CLANG_WARN_RANGE_LOOP_ANALYSIS = YES;
				CLANG_WARN_STRICT_PROTOTYPES = YES;
				CLANG_WARN_SUSPICIOUS_MOVE = YES;
				CLANG_WARN_UNGUARDED_AVAILABILITY = YES_AGGRESSIVE;
				CLANG_WARN_UNREACHABLE_CODE = YES;
				CLANG_WARN__DUPLICATE_METHOD_MATCH = YES;
				COPY_PHASE_STRIP = NO;
				DEBUG_INFORMATION_FORMAT = dwarf;
				ENABLE_STRICT_OBJC_MSGSEND = YES;
				ENABLE_TESTABILITY = YES;
				GCC_C_LANGUAGE_STANDARD = gnu11;
				GCC_DYNAMIC_NO_PIC = NO;
				GCC_NO_COMMON_BLOCKS = YES;
				GCC_OPTIMIZATION_LEVEL = 0;
				GCC_PREPROCESSOR_DEFINITIONS = (
					"DEBUG=1",
					"$(inherited)",
				);
				GCC_WARN_64_TO_32_BIT_CONVERSION = YES;
				GCC_WARN_ABOUT_RETURN_TYPE = YES_ERROR;
				GCC_WARN_UNDECLARED_SELECTOR = YES;
				GCC_WARN_UNINITIALIZED_AUTOS = YES_AGGRESSIVE;
				GCC_WARN_UNUSED_FUNCTION = YES;
				GCC_WARN_UNUSED_VARIABLE = YES;
				IPHONEOS_DEPLOYMENT_TARGET = 13.6;
				MTL_ENABLE_DEBUG_INFO = INCLUDE_SOURCE;
				MTL_FAST_MATH = YES;
				ONLY_ACTIVE_ARCH = YES;
				SDKROOT = iphoneos;
				SWIFT_ACTIVE_COMPILATION_CONDITIONS = DEBUG;
				SWIFT_OPTIMIZATION_LEVEL = "-Onone";
			};
			name = Debug;
		};
		FBD16DF724C99D7800FF5468 /* Release */ = {
			isa = XCBuildConfiguration;
			buildSettings = {
				ALWAYS_SEARCH_USER_PATHS = NO;
				CLANG_ANALYZER_NONNULL = YES;
				CLANG_ANALYZER_NUMBER_OBJECT_CONVERSION = YES_AGGRESSIVE;
				CLANG_CXX_LANGUAGE_STANDARD = "gnu++14";
				CLANG_CXX_LIBRARY = "libc++";
				CLANG_ENABLE_MODULES = YES;
				CLANG_ENABLE_OBJC_ARC = YES;
				CLANG_ENABLE_OBJC_WEAK = YES;
				CLANG_WARN_BLOCK_CAPTURE_AUTORELEASING = YES;
				CLANG_WARN_BOOL_CONVERSION = YES;
				CLANG_WARN_COMMA = YES;
				CLANG_WARN_CONSTANT_CONVERSION = YES;
				CLANG_WARN_DEPRECATED_OBJC_IMPLEMENTATIONS = YES;
				CLANG_WARN_DIRECT_OBJC_ISA_USAGE = YES_ERROR;
				CLANG_WARN_DOCUMENTATION_COMMENTS = YES;
				CLANG_WARN_EMPTY_BODY = YES;
				CLANG_WARN_ENUM_CONVERSION = YES;
				CLANG_WARN_INFINITE_RECURSION = YES;
				CLANG_WARN_INT_CONVERSION = YES;
				CLANG_WARN_NON_LITERAL_NULL_CONVERSION = YES;
				CLANG_WARN_OBJC_IMPLICIT_RETAIN_SELF = YES;
				CLANG_WARN_OBJC_LITERAL_CONVERSION = YES;
				CLANG_WARN_OBJC_ROOT_CLASS = YES_ERROR;
				CLANG_WARN_RANGE_LOOP_ANALYSIS = YES;
				CLANG_WARN_STRICT_PROTOTYPES = YES;
				CLANG_WARN_SUSPICIOUS_MOVE = YES;
				CLANG_WARN_UNGUARDED_AVAILABILITY = YES_AGGRESSIVE;
				CLANG_WARN_UNREACHABLE_CODE = YES;
				CLANG_WARN__DUPLICATE_METHOD_MATCH = YES;
				COPY_PHASE_STRIP = NO;
				DEBUG_INFORMATION_FORMAT = "dwarf-with-dsym";
				ENABLE_NS_ASSERTIONS = NO;
				ENABLE_STRICT_OBJC_MSGSEND = YES;
				GCC_C_LANGUAGE_STANDARD = gnu11;
				GCC_NO_COMMON_BLOCKS = YES;
				GCC_WARN_64_TO_32_BIT_CONVERSION = YES;
				GCC_WARN_ABOUT_RETURN_TYPE = YES_ERROR;
				GCC_WARN_UNDECLARED_SELECTOR = YES;
				GCC_WARN_UNINITIALIZED_AUTOS = YES_AGGRESSIVE;
				GCC_WARN_UNUSED_FUNCTION = YES;
				GCC_WARN_UNUSED_VARIABLE = YES;
				IPHONEOS_DEPLOYMENT_TARGET = 13.6;
				MTL_ENABLE_DEBUG_INFO = NO;
				MTL_FAST_MATH = YES;
				SDKROOT = iphoneos;
				SWIFT_COMPILATION_MODE = wholemodule;
				SWIFT_OPTIMIZATION_LEVEL = "-O";
				VALIDATE_PRODUCT = YES;
			};
			name = Release;
		};
		FBD16DF924C99D7800FF5468 /* Debug */ = {
			isa = XCBuildConfiguration;
			buildSettings = {
				ASSETCATALOG_COMPILER_APPICON_NAME = AppIcon;
				CODE_SIGN_STYLE = Automatic;
				DEVELOPMENT_TEAM = KPBLB2422Y;
				INFOPLIST_FILE = "Youtube-App/Info.plist";
				LD_RUNPATH_SEARCH_PATHS = (
					"$(inherited)",
					"@executable_path/Frameworks",
				);
				PRODUCT_BUNDLE_IDENTIFIER = "com.Evel-Devel.Youtube-App";
				PRODUCT_NAME = "$(TARGET_NAME)";
				SWIFT_VERSION = 5.0;
				TARGETED_DEVICE_FAMILY = "1,2";
			};
			name = Debug;
		};
		FBD16DFA24C99D7800FF5468 /* Release */ = {
			isa = XCBuildConfiguration;
			buildSettings = {
				ASSETCATALOG_COMPILER_APPICON_NAME = AppIcon;
				CODE_SIGN_STYLE = Automatic;
				DEVELOPMENT_TEAM = KPBLB2422Y;
				INFOPLIST_FILE = "Youtube-App/Info.plist";
				LD_RUNPATH_SEARCH_PATHS = (
					"$(inherited)",
					"@executable_path/Frameworks",
				);
				PRODUCT_BUNDLE_IDENTIFIER = "com.Evel-Devel.Youtube-App";
				PRODUCT_NAME = "$(TARGET_NAME)";
				SWIFT_VERSION = 5.0;
				TARGETED_DEVICE_FAMILY = "1,2";
			};
			name = Release;
		};
/* End XCBuildConfiguration section */

/* Begin XCConfigurationList section */
		FBD16DDF24C99D7200FF5468 /* Build configuration list for PBXProject "Youtube-App" */ = {
			isa = XCConfigurationList;
			buildConfigurations = (
				FBD16DF624C99D7800FF5468 /* Debug */,
				FBD16DF724C99D7800FF5468 /* Release */,
			);
			defaultConfigurationIsVisible = 0;
			defaultConfigurationName = Release;
		};
		FBD16DF824C99D7800FF5468 /* Build configuration list for PBXNativeTarget "Youtube-App" */ = {
			isa = XCConfigurationList;
			buildConfigurations = (
				FBD16DF924C99D7800FF5468 /* Debug */,
				FBD16DFA24C99D7800FF5468 /* Release */,
			);
			defaultConfigurationIsVisible = 0;
			defaultConfigurationName = Release;
		};
/* End XCConfigurationList section */
	};
	rootObject = FBD16DDC24C99D7200FF5468 /* Project object */;
}
